
Microsoft Visual Studio Solution File, Format Version 12.00
# Visual Studio Version 16
VisualStudioVersion = 16.0.29215.179
MinimumVisualStudioVersion = 10.0.40219.1
Project("{FAE04EC0-301F-11D3-BF4B-00C04F79EFBC}") = "MVC_Exam2_Practice3", "MVC_Exam2_Practice3.csproj", "{BC06D8A0-3574-4190-911C-7C93BF21E3EC}"
EndProject
Global
	GlobalSection(SolutionConfigurationPlatforms) = preSolution
		Debug|Any CPU = Debug|Any CPU
		Release|Any CPU = Release|Any CPU
	EndGlobalSection
	GlobalSection(ProjectConfigurationPlatforms) = postSolution
		{BC06D8A0-3574-4190-911C-7C93BF21E3EC}.Debug|Any CPU.ActiveCfg = Debug|Any CPU
		{BC06D8A0-3574-4190-911C-7C93BF21E3EC}.Debug|Any CPU.Build.0 = Debug|Any CPU
		{BC06D8A0-3574-4190-911C-7C93BF21E3EC}.Release|Any CPU.ActiveCfg = Release|Any CPU
		{BC06D8A0-3574-4190-911C-7C93BF21E3EC}.Release|Any CPU.Build.0 = Release|Any CPU
	EndGlobalSection
	GlobalSection(SolutionProperties) = preSolution
		HideSolutionNode = FALSE
	EndGlobalSection
	GlobalSection(ExtensibilityGlobals) = postSolution
		SolutionGuid = {AE604951-0E4E-4918-9155-32DA4B35784E}
	EndGlobalSection
EndGlobal
